{
  "version": 4,
  "terraform_version": "1.13.4",
  "serial": 42,
  "lineage": "da7f1c78-78ec-10fa-0fc3-699f4914052d",
  "outputs": {
    "aws_public_ip": {
      "value": "13.204.65.13",
      "type": "string"
    },
    "gcp_public_ip": {
      "value": "34.30.112.71",
      "type": "string"
    }
  },
  "resources": [
    {
      "module": "module.aws_nginx",
      "mode": "data",
      "type": "aws_ami",
      "name": "ubuntu",
      "provider": "provider[\"registry.terraform.io/hashicorp/aws\"]",
      "instances": [
        {
          "schema_version": 0,
          "attributes": {
            "allow_unsafe_filter": null,
            "architecture": "x86_64",
            "arn": "arn:aws:ec2:ap-south-1::image/ami-06cc5ebfb8571a147",
            "block_device_mappings": [
              {
                "device_name": "/dev/sda1",
                "ebs": {
                  "delete_on_termination": "true",
                  "encrypted": "false",
                  "iops": "0",
                  "snapshot_id": "snap-00ceaac6accfcd698",
                  "throughput": "0",
                  "volume_initialization_rate": "0",
                  "volume_size": "8",
                  "volume_type": "gp2"
                },
                "no_device": "",
                "virtual_name": ""
              },
              {
                "device_name": "/dev/sdb",
                "ebs": {},
                "no_device": "",
                "virtual_name": "ephemeral0"
              },
              {
                "device_name": "/dev/sdc",
                "ebs": {},
                "no_device": "",
                "virtual_name": "ephemeral1"
              }
            ],
            "boot_mode": "legacy-bios",
            "creation_date": "2025-06-25T05:32:35.000Z",
            "deprecation_time": "2027-06-25T05:32:35.000Z",
            "description": "Canonical, Ubuntu, 20.04, amd64 focal image",
            "ena_support": true,
            "executable_users": null,
            "filter": [
              {
                "name": "name",
                "values": [
                  "ubuntu/images/hvm-ssd/ubuntu-focal-20.04-amd64-server-*"
                ]
              },
              {
                "name": "virtualization-type",
                "values": [
                  "hvm"
                ]
              }
            ],
            "hypervisor": "xen",
            "id": "ami-06cc5ebfb8571a147",
            "image_id": "ami-06cc5ebfb8571a147",
            "image_location": "amazon/ubuntu/images/hvm-ssd/ubuntu-focal-20.04-amd64-server-20250624",
            "image_owner_alias": "amazon",
            "image_type": "machine",
            "imds_support": "",
            "include_deprecated": false,
            "kernel_id": "",
            "last_launched_time": "",
            "most_recent": true,
            "name": "ubuntu/images/hvm-ssd/ubuntu-focal-20.04-amd64-server-20250624",
            "name_regex": null,
            "owner_id": "099720109477",
            "owners": [
              "099720109477"
            ],
            "platform": "",
            "platform_details": "Linux/UNIX",
            "product_codes": [],
            "public": true,
            "ramdisk_id": "",
            "region": "ap-south-1",
            "root_device_name": "/dev/sda1",
            "root_device_type": "ebs",
            "root_snapshot_id": "snap-00ceaac6accfcd698",
            "sriov_net_support": "simple",
            "state": "available",
            "state_reason": {
              "code": "UNSET",
              "message": "UNSET"
            },
            "tags": {},
            "timeouts": null,
            "tpm_support": "",
            "uefi_data": null,
            "usage_operation": "RunInstances",
            "virtualization_type": "hvm"
          },
          "sensitive_attributes": [],
          "identity_schema_version": 0
        }
      ]
    },
    {
      "module": "module.aws_nginx",
      "mode": "managed",
      "type": "aws_instance",
      "name": "web",
      "provider": "provider[\"registry.terraform.io/hashicorp/aws\"]",
      "instances": [
        {
          "index_key": 0,
          "schema_version": 2,
          "attributes": {
            "ami": "ami-06cc5ebfb8571a147",
            "arn": "arn:aws:ec2:ap-south-1:006246517187:instance/i-071dc01eeda6281d9",
            "associate_public_ip_address": true,
            "availability_zone": "ap-south-1b",
            "capacity_reservation_specification": [
              {
                "capacity_reservation_preference": "open",
                "capacity_reservation_target": []
              }
            ],
            "cpu_options": [
              {
                "amd_sev_snp": "",
                "core_count": 1,
                "threads_per_core": 1
              }
            ],
            "credit_specification": [
              {
                "cpu_credits": "standard"
              }
            ],
            "disable_api_stop": false,
            "disable_api_termination": false,
            "ebs_block_device": [],
            "ebs_optimized": false,
            "enable_primary_ipv6": null,
            "enclave_options": [
              {
                "enabled": false
              }
            ],
            "ephemeral_block_device": [],
            "force_destroy": false,
            "get_password_data": false,
            "hibernation": false,
            "host_id": "",
            "host_resource_group_arn": null,
            "iam_instance_profile": "",
            "id": "i-071dc01eeda6281d9",
            "instance_initiated_shutdown_behavior": "stop",
            "instance_lifecycle": "",
            "instance_market_options": [],
            "instance_state": "running",
            "instance_type": "t2.micro",
            "ipv6_address_count": 0,
            "ipv6_addresses": [],
            "key_name": "",
            "launch_template": [],
            "maintenance_options": [
              {
                "auto_recovery": "default"
              }
            ],
            "metadata_options": [
              {
                "http_endpoint": "enabled",
                "http_protocol_ipv6": "disabled",
                "http_put_response_hop_limit": 1,
                "http_tokens": "optional",
                "instance_metadata_tags": "disabled"
              }
            ],
            "monitoring": false,
            "network_interface": [],
            "outpost_arn": "",
            "password_data": "",
            "placement_group": "",
            "placement_group_id": "",
            "placement_partition_number": 0,
            "primary_network_interface": [
              {
                "delete_on_termination": true,
                "network_interface_id": "eni-0e0680360ee22cc9b"
              }
            ],
            "primary_network_interface_id": "eni-0e0680360ee22cc9b",
            "private_dns": "ip-172-31-14-176.ap-south-1.compute.internal",
            "private_dns_name_options": [
              {
                "enable_resource_name_dns_a_record": false,
                "enable_resource_name_dns_aaaa_record": false,
                "hostname_type": "ip-name"
              }
            ],
            "private_ip": "172.31.14.176",
            "public_dns": "ec2-13-204-65-13.ap-south-1.compute.amazonaws.com",
            "public_ip": "13.204.65.13",
            "region": "ap-south-1",
            "root_block_device": [
              {
                "delete_on_termination": true,
                "device_name": "/dev/sda1",
                "encrypted": false,
                "iops": 100,
                "kms_key_id": "",
                "tags": {},
                "tags_all": {},
                "throughput": 0,
                "volume_id": "vol-01e9cb1f652f618dc",
                "volume_size": 8,
                "volume_type": "gp2"
              }
            ],
            "secondary_private_ips": [],
            "security_groups": [
              "tf-allow-http"
            ],
            "source_dest_check": true,
            "spot_instance_request_id": "",
            "subnet_id": "subnet-01b9fc8aba9b505c7",
            "tags": {
              "Name": "tf-nginx-aws"
            },
            "tags_all": {
              "Name": "tf-nginx-aws"
            },
            "tenancy": "default",
            "timeouts": null,
            "user_data": "#!/bin/bash\nset -e\nPROVIDER=\"AWS\"\n\nif command -v apt-get \u003e/dev/null 2\u003e\u00261; then\n  apt-get update -y\n  apt-get install -y nginx\n  systemctl enable nginx\n\n  echo \"UP\" \u003e /var/www/html/health\n\n  cat \u003e /var/www/html/index.html \u003c\u003c'HTML'\n\u003chtml\u003e\n\u003chead\u003e\n\u003cstyle\u003e\n  body {\n    background: #f0f2f5;\n    font-family: Arial, sans-serif;\n    display: flex;\n    justify-content: center;\n    align-items: center;\n    height: 100vh;\n    margin: 0;\n  }\n  .card {\n    background: white;\n    padding: 40px;\n    border-radius: 12px;\n    box-shadow: 0 4px 12px rgba(0,0,0,0.15);\n    text-align: center;\n  }\n  h1 {\n    color: #333;\n    font-size: 28px;\n  }\n  .provider {\n    margin-top: 10px;\n    color: #555;\n    font-size: 20px;\n    font-weight: bold;\n  }\n\u003c/style\u003e\n\u003c/head\u003e\n\u003cbody\u003e\n  \u003cdiv class=\"card\"\u003e\n    \u003ch1\u003eNGINX Server:\u003c/h1\u003e\n    \u003cdiv class=\"provider\"\u003eProvider: PROVIDER\u003c/div\u003e\n  \u003c/div\u003e\n\u003c/body\u003e\n\u003c/html\u003e\nHTML\n\n  sed -i \"s/PROVIDER/$PROVIDER/g\" /var/www/html/index.html\n\n  systemctl restart nginx\n\nelif command -v yum \u003e/dev/null 2\u003e\u00261; then\n  yum update -y\n  yum install -y nginx\n  systemctl enable nginx\n\n  echo \"UP\" \u003e /usr/share/nginx/html/health\n\n  cat \u003e /usr/share/nginx/html/index.html \u003c\u003c'HTML'\n\u003chtml\u003e\n\u003chead\u003e\n\u003cstyle\u003e\n  body {\n    background: #f0f2f5;\n    font-family: Arial, sans-serif;\n    display: flex;\n    justify-content: center;\n    align-items: center;\n    height: 100vh;\n    margin: 0;\n  }\n  .card {\n    background: white;\n    padding: 40px;\n    border-radius: 12px;\n    box-shadow: 0 4px 12px rgba(0,0,0,0.15);\n    text-align: center;\n  }\n  h1 {\n    color: #333;\n    font-size: 28px;\n  }\n  .provider {\n    margin-top: 10px;\n    color: #555;\n    font-size: 20px;\n    font-weight: bold;\n  }\n\u003c/style\u003e\n\u003c/head\u003e\n\u003cbody\u003e\n  \u003cdiv class=\"card\"\u003e\n    \u003ch1\u003eNGINX Server: \u003c/h1\u003e\n    \u003cdiv class=\"provider\"\u003eProvider: PROVIDER\u003c/div\u003e\n  \u003c/div\u003e\n\u003c/body\u003e\n\u003c/html\u003e\nHTML\n\n  sed -i \"s/PROVIDER/$PROVIDER/g\" /usr/share/nginx/html/index.html\n\n  systemctl restart nginx\nfi\n",
            "user_data_base64": null,
            "user_data_replace_on_change": false,
            "volume_tags": null,
            "vpc_security_group_ids": [
              "sg-0699986498949fc91"
            ]
          },
          "sensitive_attributes": [],
          "identity_schema_version": 0,
          "identity": {
            "account_id": "006246517187",
            "id": "i-071dc01eeda6281d9",
            "region": "ap-south-1"
          },
          "private": "eyJlMmJmYjczMC1lY2FhLTExZTYtOGY4OC0zNDM2M2JjN2M0YzAiOnsiY3JlYXRlIjo2MDAwMDAwMDAwMDAsImRlbGV0ZSI6MTIwMDAwMDAwMDAwMCwicmVhZCI6OTAwMDAwMDAwMDAwLCJ1cGRhdGUiOjYwMDAwMDAwMDAwMH0sInNjaGVtYV92ZXJzaW9uIjoiMiJ9",
          "dependencies": [
            "module.aws_nginx.aws_security_group.allow_http",
            "module.aws_nginx.data.aws_ami.ubuntu"
          ]
        }
      ]
    },
    {
      "module": "module.aws_nginx",
      "mode": "managed",
      "type": "aws_security_group",
      "name": "allow_http",
      "provider": "provider[\"registry.terraform.io/hashicorp/aws\"]",
      "instances": [
        {
          "index_key": 0,
          "schema_version": 1,
          "attributes": {
            "arn": "arn:aws:ec2:ap-south-1:006246517187:security-group/sg-0699986498949fc91",
            "description": "Allow HTTP inbound",
            "egress": [
              {
                "cidr_blocks": [
                  "0.0.0.0/0"
                ],
                "description": "",
                "from_port": 0,
                "ipv6_cidr_blocks": [],
                "prefix_list_ids": [],
                "protocol": "-1",
                "security_groups": [],
                "self": false,
                "to_port": 0
              }
            ],
            "id": "sg-0699986498949fc91",
            "ingress": [
              {
                "cidr_blocks": [
                  "0.0.0.0/0"
                ],
                "description": "",
                "from_port": 22,
                "ipv6_cidr_blocks": [],
                "prefix_list_ids": [],
                "protocol": "tcp",
                "security_groups": [],
                "self": false,
                "to_port": 22
              },
              {
                "cidr_blocks": [
                  "0.0.0.0/0"
                ],
                "description": "",
                "from_port": 80,
                "ipv6_cidr_blocks": [],
                "prefix_list_ids": [],
                "protocol": "tcp",
                "security_groups": [],
                "self": false,
                "to_port": 80
              }
            ],
            "name": "tf-allow-http",
            "name_prefix": "",
            "owner_id": "006246517187",
            "region": "ap-south-1",
            "revoke_rules_on_delete": false,
            "tags": null,
            "tags_all": {},
            "timeouts": null,
            "vpc_id": "vpc-03e3dc779bb4ef4f2"
          },
          "sensitive_attributes": [],
          "identity_schema_version": 0,
          "identity": {
            "account_id": "006246517187",
            "id": "sg-0699986498949fc91",
            "region": "ap-south-1"
          },
          "private": "eyJlMmJmYjczMC1lY2FhLTExZTYtOGY4OC0zNDM2M2JjN2M0YzAiOnsiY3JlYXRlIjo2MDAwMDAwMDAwMDAsImRlbGV0ZSI6OTAwMDAwMDAwMDAwfSwic2NoZW1hX3ZlcnNpb24iOiIxIn0="
        }
      ]
    },
    {
      "module": "module.gcp_nginx",
      "mode": "data",
      "type": "aws_ami",
      "name": "ubuntu",
      "provider": "provider[\"registry.terraform.io/hashicorp/aws\"]",
      "instances": [
        {
          "schema_version": 0,
          "attributes": {
            "allow_unsafe_filter": null,
            "architecture": "x86_64",
            "arn": "arn:aws:ec2:ap-south-1::image/ami-06cc5ebfb8571a147",
            "block_device_mappings": [
              {
                "device_name": "/dev/sda1",
                "ebs": {
                  "delete_on_termination": "true",
                  "encrypted": "false",
                  "iops": "0",
                  "snapshot_id": "snap-00ceaac6accfcd698",
                  "throughput": "0",
                  "volume_initialization_rate": "0",
                  "volume_size": "8",
                  "volume_type": "gp2"
                },
                "no_device": "",
                "virtual_name": ""
              },
              {
                "device_name": "/dev/sdb",
                "ebs": {},
                "no_device": "",
                "virtual_name": "ephemeral0"
              },
              {
                "device_name": "/dev/sdc",
                "ebs": {},
                "no_device": "",
                "virtual_name": "ephemeral1"
              }
            ],
            "boot_mode": "legacy-bios",
            "creation_date": "2025-06-25T05:32:35.000Z",
            "deprecation_time": "2027-06-25T05:32:35.000Z",
            "description": "Canonical, Ubuntu, 20.04, amd64 focal image",
            "ena_support": true,
            "executable_users": null,
            "filter": [
              {
                "name": "name",
                "values": [
                  "ubuntu/images/hvm-ssd/ubuntu-focal-20.04-amd64-server-*"
                ]
              },
              {
                "name": "virtualization-type",
                "values": [
                  "hvm"
                ]
              }
            ],
            "hypervisor": "xen",
            "id": "ami-06cc5ebfb8571a147",
            "image_id": "ami-06cc5ebfb8571a147",
            "image_location": "amazon/ubuntu/images/hvm-ssd/ubuntu-focal-20.04-amd64-server-20250624",
            "image_owner_alias": "amazon",
            "image_type": "machine",
            "imds_support": "",
            "include_deprecated": false,
            "kernel_id": "",
            "last_launched_time": "",
            "most_recent": true,
            "name": "ubuntu/images/hvm-ssd/ubuntu-focal-20.04-amd64-server-20250624",
            "name_regex": null,
            "owner_id": "099720109477",
            "owners": [
              "099720109477"
            ],
            "platform": "",
            "platform_details": "Linux/UNIX",
            "product_codes": [],
            "public": true,
            "ramdisk_id": "",
            "region": "ap-south-1",
            "root_device_name": "/dev/sda1",
            "root_device_type": "ebs",
            "root_snapshot_id": "snap-00ceaac6accfcd698",
            "sriov_net_support": "simple",
            "state": "available",
            "state_reason": {
              "code": "UNSET",
              "message": "UNSET"
            },
            "tags": {},
            "timeouts": null,
            "tpm_support": "",
            "uefi_data": null,
            "usage_operation": "RunInstances",
            "virtualization_type": "hvm"
          },
          "sensitive_attributes": [],
          "identity_schema_version": 0
        }
      ]
    },
    {
      "module": "module.gcp_nginx",
      "mode": "managed",
      "type": "google_compute_firewall",
      "name": "allow_http",
      "provider": "provider[\"registry.terraform.io/hashicorp/google\"]",
      "instances": [
        {
          "index_key": 0,
          "schema_version": 1,
          "attributes": {
            "allow": [
              {
                "ports": [
                  "80",
                  "22"
                ],
                "protocol": "tcp"
              }
            ],
            "creation_timestamp": "2025-11-26T07:07:50.704-08:00",
            "deny": [],
            "description": "",
            "destination_ranges": [],
            "direction": "INGRESS",
            "disabled": false,
            "enable_logging": null,
            "id": "projects/subasangeeth-gcp/global/firewalls/tf-allow-http",
            "log_config": [],
            "name": "tf-allow-http",
            "network": "https://www.googleapis.com/compute/v1/projects/subasangeeth-gcp/global/networks/default",
            "params": [],
            "priority": 1000,
            "project": "subasangeeth-gcp",
            "self_link": "https://www.googleapis.com/compute/v1/projects/subasangeeth-gcp/global/firewalls/tf-allow-http",
            "source_ranges": [
              "0.0.0.0/0"
            ],
            "source_service_accounts": null,
            "source_tags": null,
            "target_service_accounts": null,
            "target_tags": null,
            "timeouts": null
          },
          "sensitive_attributes": [],
          "identity_schema_version": 0,
          "private": "eyJlMmJmYjczMC1lY2FhLTExZTYtOGY4OC0zNDM2M2JjN2M0YzAiOnsiY3JlYXRlIjoxMjAwMDAwMDAwMDAwLCJkZWxldGUiOjEyMDAwMDAwMDAwMDAsInVwZGF0ZSI6MTIwMDAwMDAwMDAwMH0sInNjaGVtYV92ZXJzaW9uIjoiMSJ9"
        }
      ]
    },
    {
      "module": "module.gcp_nginx",
      "mode": "managed",
      "type": "google_compute_instance",
      "name": "web",
      "provider": "provider[\"registry.terraform.io/hashicorp/google\"]",
      "instances": [
        {
          "index_key": 0,
          "schema_version": 6,
          "attributes": {
            "advanced_machine_features": [],
            "allow_stopping_for_update": null,
            "attached_disk": [],
            "boot_disk": [
              {
                "auto_delete": true,
                "device_name": "persistent-disk-0",
                "disk_encryption_key_raw": "",
                "disk_encryption_key_rsa": "",
                "disk_encryption_key_sha256": "",
                "disk_encryption_service_account": "",
                "force_attach": false,
                "guest_os_features": [
                  "UEFI_COMPATIBLE",
                  "VIRTIO_SCSI_MULTIQUEUE",
                  "GVNIC"
                ],
                "initialize_params": [
                  {
                    "architecture": "X86_64",
                    "enable_confidential_compute": false,
                    "image": "https://www.googleapis.com/compute/v1/projects/debian-cloud/global/images/debian-11-bullseye-v20251111",
                    "labels": {},
                    "provisioned_iops": 0,
                    "provisioned_throughput": 0,
                    "resource_manager_tags": null,
                    "resource_policies": [],
                    "size": 10,
                    "snapshot": "",
                    "source_image_encryption_key": [],
                    "source_snapshot_encryption_key": [],
                    "storage_pool": "",
                    "type": "pd-standard"
                  }
                ],
                "interface": "",
                "kms_key_self_link": "",
                "mode": "READ_WRITE",
                "source": "https://www.googleapis.com/compute/v1/projects/subasangeeth-gcp/zones/us-central1-a/disks/tf-nginx-gcp"
              }
            ],
            "can_ip_forward": false,
            "confidential_instance_config": [],
            "cpu_platform": "Intel Broadwell",
            "creation_timestamp": "2025-11-26T07:07:52.763-08:00",
            "current_status": "RUNNING",
            "deletion_protection": false,
            "description": "",
            "desired_status": null,
            "effective_labels": {
              "goog-terraform-provisioned": "true"
            },
            "enable_display": false,
            "guest_accelerator": [],
            "hostname": "",
            "id": "projects/subasangeeth-gcp/zones/us-central1-a/instances/tf-nginx-gcp",
            "instance_encryption_key": [],
            "instance_id": "2467502480348064039",
            "key_revocation_action_type": "",
            "label_fingerprint": "vezUS-42LLM=",
            "labels": null,
            "machine_type": "e2-micro",
            "metadata": null,
            "metadata_fingerprint": "4rx21RqkbIs=",
            "metadata_startup_script": "#!/bin/bash\nset -e\nPROVIDER=\"GCP\"\n\nif command -v apt-get \u003e/dev/null 2\u003e\u00261; then\n  apt-get update -y\n  apt-get install -y nginx\n  systemctl enable nginx\n\n  echo \"UP\" \u003e /var/www/html/health\n\n  cat \u003e /var/www/html/index.html \u003c\u003c'HTML'\n\u003chtml\u003e\n\u003chead\u003e\n\u003cstyle\u003e\n  body {\n    background: #f0f2f5;\n    font-family: Arial, sans-serif;\n    display: flex;\n    justify-content: center;\n    align-items: center;\n    height: 100vh;\n    margin: 0;\n  }\n  .card {\n    background: white;\n    padding: 40px;\n    border-radius: 12px;\n    box-shadow: 0 4px 12px rgba(0,0,0,0.15);\n    text-align: center;\n  }\n  h1 {\n    color: #333;\n    font-size: 28px;\n  }\n  .provider {\n    margin-top: 10px;\n    color: #555;\n    font-size: 20px;\n    font-weight: bold;\n  }\n\u003c/style\u003e\n\u003c/head\u003e\n\u003cbody\u003e\n  \u003cdiv class=\"card\"\u003e\n    \u003ch1\u003eNGINX Server:\u003c/h1\u003e\n    \u003cdiv class=\"provider\"\u003eProvider: PROVIDER\u003c/div\u003e\n  \u003c/div\u003e\n\u003c/body\u003e\n\u003c/html\u003e\nHTML\n\n  sed -i \"s/PROVIDER/$PROVIDER/g\" /var/www/html/index.html\n\n  systemctl restart nginx\n\nelif command -v yum \u003e/dev/null 2\u003e\u00261; then\n  yum update -y\n  yum install -y nginx\n  systemctl enable nginx\n\n  echo \"UP\" \u003e /usr/share/nginx/html/health\n\n  cat \u003e /usr/share/nginx/html/index.html \u003c\u003c'HTML'\n\u003chtml\u003e\n\u003chead\u003e\n\u003cstyle\u003e\n  body {\n    background: #f0f2f5;\n    font-family: Arial, sans-serif;\n    display: flex;\n    justify-content: center;\n    align-items: center;\n    height: 100vh;\n    margin: 0;\n  }\n  .card {\n    background: white;\n    padding: 40px;\n    border-radius: 12px;\n    box-shadow: 0 4px 12px rgba(0,0,0,0.15);\n    text-align: center;\n  }\n  h1 {\n    color: #333;\n    font-size: 28px;\n  }\n  .provider {\n    margin-top: 10px;\n    color: #555;\n    font-size: 20px;\n    font-weight: bold;\n  }\n\u003c/style\u003e\n\u003c/head\u003e\n\u003cbody\u003e\n  \u003cdiv class=\"card\"\u003e\n    \u003ch1\u003eNGINX Server:\u003c/h1\u003e\n    \u003cdiv class=\"provider\"\u003eProvider: PROVIDER\u003c/div\u003e\n  \u003c/div\u003e\n\u003c/body\u003e\n\u003c/html\u003e\nHTML\n\n  sed -i \"s/PROVIDER/$PROVIDER/g\" /usr/share/nginx/html/index.html\n\n  systemctl restart nginx\nfi\n",
            "min_cpu_platform": "",
            "name": "tf-nginx-gcp",
            "network_interface": [
              {
                "access_config": [
                  {
                    "nat_ip": "34.30.112.71",
                    "network_tier": "PREMIUM",
                    "public_ptr_domain_name": ""
                  }
                ],
                "alias_ip_range": [],
                "internal_ipv6_prefix_length": 0,
                "ipv6_access_config": [],
                "ipv6_access_type": "",
                "ipv6_address": "",
                "name": "nic0",
                "network": "https://www.googleapis.com/compute/v1/projects/subasangeeth-gcp/global/networks/default",
                "network_attachment": "",
                "network_ip": "10.128.0.6",
                "nic_type": "",
                "queue_count": 0,
                "stack_type": "IPV4_ONLY",
                "subnetwork": "https://www.googleapis.com/compute/v1/projects/subasangeeth-gcp/regions/us-central1/subnetworks/default",
                "subnetwork_project": "subasangeeth-gcp"
              }
            ],
            "network_performance_config": [],
            "params": [],
            "project": "subasangeeth-gcp",
            "reservation_affinity": [],
            "resource_policies": null,
            "scheduling": [
              {
                "automatic_restart": true,
                "availability_domain": 0,
                "instance_termination_action": "",
                "local_ssd_recovery_timeout": [],
                "max_run_duration": [],
                "min_node_cpus": 0,
                "node_affinities": [],
                "on_host_maintenance": "MIGRATE",
                "on_instance_stop_action": [],
                "preemptible": false,
                "provisioning_model": "STANDARD",
                "termination_time": ""
              }
            ],
            "scratch_disk": [],
            "self_link": "https://www.googleapis.com/compute/v1/projects/subasangeeth-gcp/zones/us-central1-a/instances/tf-nginx-gcp",
            "service_account": [],
            "shielded_instance_config": [
              {
                "enable_integrity_monitoring": true,
                "enable_secure_boot": false,
                "enable_vtpm": true
              }
            ],
            "tags": [
              "http-server"
            ],
            "tags_fingerprint": "FYLDgkTKlA4=",
            "terraform_labels": {
              "goog-terraform-provisioned": "true"
            },
            "timeouts": null,
            "zone": "us-central1-a"
          },
          "sensitive_attributes": [
            [
              {
                "type": "get_attr",
                "value": "boot_disk"
              },
              {
                "type": "index",
                "value": {
                  "value": 0,
                  "type": "number"
                }
              },
              {
                "type": "get_attr",
                "value": "disk_encryption_key_raw"
              }
            ],
            [
              {
                "type": "get_attr",
                "value": "boot_disk"
              },
              {
                "type": "index",
                "value": {
                  "value": 0,
                  "type": "number"
                }
              },
              {
                "type": "get_attr",
                "value": "disk_encryption_key_rsa"
              }
            ]
          ],
          "identity_schema_version": 0,
          "private": "eyJlMmJmYjczMC1lY2FhLTExZTYtOGY4OC0zNDM2M2JjN2M0YzAiOnsiY3JlYXRlIjoxMjAwMDAwMDAwMDAwLCJkZWxldGUiOjEyMDAwMDAwMDAwMDAsInVwZGF0ZSI6MTIwMDAwMDAwMDAwMH0sInNjaGVtYV92ZXJzaW9uIjoiNiJ9"
        }
      ]
    }
  ],
  "check_results": null
}
